
Microsoft Visual Studio Solution File, Format Version 12.00
# Visual Studio Version 17
VisualStudioVersion = 17.9.34701.34
MinimumVisualStudioVersion = 10.0.40219.1
Project("{FAE04EC0-301F-11D3-BF4B-00C04F79EFBC}") = "Task 1-3", "Task 1-3\Task 1-3.csproj", "{E0D04162-24CC-4C9E-BF41-3F2E9E776100}"
EndProject
Global
	GlobalSection(SolutionConfigurationPlatforms) = preSolution
		Debug|Any CPU = Debug|Any CPU
		Release|Any CPU = Release|Any CPU
	EndGlobalSection
	GlobalSection(ProjectConfigurationPlatforms) = postSolution
		{E0D04162-24CC-4C9E-BF41-3F2E9E776100}.Debug|Any CPU.ActiveCfg = Debug|Any CPU
		{E0D04162-24CC-4C9E-BF41-3F2E9E776100}.Debug|Any CPU.Build.0 = Debug|Any CPU
		{E0D04162-24CC-4C9E-BF41-3F2E9E776100}.Release|Any CPU.ActiveCfg = Release|Any CPU
		{E0D04162-24CC-4C9E-BF41-3F2E9E776100}.Release|Any CPU.Build.0 = Release|Any CPU
	EndGlobalSection
	GlobalSection(SolutionProperties) = preSolution
		HideSolutionNode = FALSE
	EndGlobalSection
	GlobalSection(ExtensibilityGlobals) = postSolution
		SolutionGuid = {B5EEFB31-6EBE-4041-8376-EC54653BA1F8}
	EndGlobalSection
EndGlobal
